
Microsoft Visual Studio Solution File, Format Version 12.00
# Visual Studio Version 16
VisualStudioVersion = 16.0.30114.105
MinimumVisualStudioVersion = 10.0.40219.1
Project("{2150E333-8FDC-42A3-9474-1A3956D46DE8}") = "src", "src", "{B8D1E9BD-6EC2-4E40-8BEC-20C55D350513}"
EndProject
Project("{2150E333-8FDC-42A3-9474-1A3956D46DE8}") = "tests", "tests", "{8B4EDD03-DB6E-4224-B205-03B518DF7F52}"
EndProject
Project("{FAE04EC0-301F-11D3-BF4B-00C04F79EFBC}") = "MusicQueues.Domain", "src\MusicQueues.Domain\MusicQueues.Domain.csproj", "{2E6F3348-1182-418B-96FF-92AD6ABA55AB}"
EndProject
Project("{FAE04EC0-301F-11D3-BF4B-00C04F79EFBC}") = "MusicQueues.Application", "src\MusicQueues.Application\MusicQueues.Application.csproj", "{6A5A564A-A9C6-41A5-B664-DFB9BBB61D99}"
EndProject
Project("{FAE04EC0-301F-11D3-BF4B-00C04F79EFBC}") = "MusicQueues.Infrastructure", "src\MusicQueues.Infrastructure\MusicQueues.Infrastructure.csproj", "{F3BF4467-8849-4014-A6F2-489252A52F11}"
EndProject
Project("{FAE04EC0-301F-11D3-BF4B-00C04F79EFBC}") = "MusicQueues.Api", "src\MusicQueues.Api\MusicQueues.Api.csproj", "{BDDF1DF6-0A5F-4005-BC6C-78EDD7EBC09A}"
EndProject
Project("{FAE04EC0-301F-11D3-BF4B-00C04F79EFBC}") = "MusicQueues.Domain.UnitTests", "tests\MusicQueues.Domain.UnitTests\MusicQueues.Domain.UnitTests.csproj", "{490B0FFA-28F8-422A-8E81-20630536B5B9}"
EndProject
Project("{FAE04EC0-301F-11D3-BF4B-00C04F79EFBC}") = "MusicQueues.Application.UnitTests", "tests\MusicQueues.Application.UnitTests\MusicQueues.Application.UnitTests.csproj", "{5587E968-DAD1-427B-8D9B-ABB46FB4EEA9}"
EndProject
Project("{FAE04EC0-301F-11D3-BF4B-00C04F79EFBC}") = "MusicQueues.Infrastructure.UnitTests", "tests\MusicQueues.Infrastructure.UnitTests\MusicQueues.Infrastructure.UnitTests.csproj", "{19191554-46EB-43F0-A0D0-F06AEB87BD35}"
EndProject
Global
	GlobalSection(SolutionConfigurationPlatforms) = preSolution
		Debug|Any CPU = Debug|Any CPU
		Debug|x64 = Debug|x64
		Debug|x86 = Debug|x86
		Release|Any CPU = Release|Any CPU
		Release|x64 = Release|x64
		Release|x86 = Release|x86
	EndGlobalSection
	GlobalSection(SolutionProperties) = preSolution
		HideSolutionNode = FALSE
	EndGlobalSection
	GlobalSection(NestedProjects) = preSolution
		{2E6F3348-1182-418B-96FF-92AD6ABA55AB} = {B8D1E9BD-6EC2-4E40-8BEC-20C55D350513}
		{6A5A564A-A9C6-41A5-B664-DFB9BBB61D99} = {B8D1E9BD-6EC2-4E40-8BEC-20C55D350513}
		{F3BF4467-8849-4014-A6F2-489252A52F11} = {B8D1E9BD-6EC2-4E40-8BEC-20C55D350513}
		{BDDF1DF6-0A5F-4005-BC6C-78EDD7EBC09A} = {B8D1E9BD-6EC2-4E40-8BEC-20C55D350513}
		{490B0FFA-28F8-422A-8E81-20630536B5B9} = {8B4EDD03-DB6E-4224-B205-03B518DF7F52}
		{5587E968-DAD1-427B-8D9B-ABB46FB4EEA9} = {8B4EDD03-DB6E-4224-B205-03B518DF7F52}
		{19191554-46EB-43F0-A0D0-F06AEB87BD35} = {8B4EDD03-DB6E-4224-B205-03B518DF7F52}
	EndGlobalSection
	GlobalSection(ProjectConfigurationPlatforms) = postSolution
		{2E6F3348-1182-418B-96FF-92AD6ABA55AB}.Debug|Any CPU.ActiveCfg = Debug|Any CPU
		{2E6F3348-1182-418B-96FF-92AD6ABA55AB}.Debug|Any CPU.Build.0 = Debug|Any CPU
		{2E6F3348-1182-418B-96FF-92AD6ABA55AB}.Debug|x64.ActiveCfg = Debug|Any CPU
		{2E6F3348-1182-418B-96FF-92AD6ABA55AB}.Debug|x64.Build.0 = Debug|Any CPU
		{2E6F3348-1182-418B-96FF-92AD6ABA55AB}.Debug|x86.ActiveCfg = Debug|Any CPU
		{2E6F3348-1182-418B-96FF-92AD6ABA55AB}.Debug|x86.Build.0 = Debug|Any CPU
		{2E6F3348-1182-418B-96FF-92AD6ABA55AB}.Release|Any CPU.ActiveCfg = Release|Any CPU
		{2E6F3348-1182-418B-96FF-92AD6ABA55AB}.Release|Any CPU.Build.0 = Release|Any CPU
		{2E6F3348-1182-418B-96FF-92AD6ABA55AB}.Release|x64.ActiveCfg = Release|Any CPU
		{2E6F3348-1182-418B-96FF-92AD6ABA55AB}.Release|x64.Build.0 = Release|Any CPU
		{2E6F3348-1182-418B-96FF-92AD6ABA55AB}.Release|x86.ActiveCfg = Release|Any CPU
		{2E6F3348-1182-418B-96FF-92AD6ABA55AB}.Release|x86.Build.0 = Release|Any CPU
		{6A5A564A-A9C6-41A5-B664-DFB9BBB61D99}.Debug|Any CPU.ActiveCfg = Debug|Any CPU
		{6A5A564A-A9C6-41A5-B664-DFB9BBB61D99}.Debug|Any CPU.Build.0 = Debug|Any CPU
		{6A5A564A-A9C6-41A5-B664-DFB9BBB61D99}.Debug|x64.ActiveCfg = Debug|Any CPU
		{6A5A564A-A9C6-41A5-B664-DFB9BBB61D99}.Debug|x64.Build.0 = Debug|Any CPU
		{6A5A564A-A9C6-41A5-B664-DFB9BBB61D99}.Debug|x86.ActiveCfg = Debug|Any CPU
		{6A5A564A-A9C6-41A5-B664-DFB9BBB61D99}.Debug|x86.Build.0 = Debug|Any CPU
		{6A5A564A-A9C6-41A5-B664-DFB9BBB61D99}.Release|Any CPU.ActiveCfg = Release|Any CPU
		{6A5A564A-A9C6-41A5-B664-DFB9BBB61D99}.Release|Any CPU.Build.0 = Release|Any CPU
		{6A5A564A-A9C6-41A5-B664-DFB9BBB61D99}.Release|x64.ActiveCfg = Release|Any CPU
		{6A5A564A-A9C6-41A5-B664-DFB9BBB61D99}.Release|x64.Build.0 = Release|Any CPU
		{6A5A564A-A9C6-41A5-B664-DFB9BBB61D99}.Release|x86.ActiveCfg = Release|Any CPU
		{6A5A564A-A9C6-41A5-B664-DFB9BBB61D99}.Release|x86.Build.0 = Release|Any CPU
		{F3BF4467-8849-4014-A6F2-489252A52F11}.Debug|Any CPU.ActiveCfg = Debug|Any CPU
		{F3BF4467-8849-4014-A6F2-489252A52F11}.Debug|Any CPU.Build.0 = Debug|Any CPU
		{F3BF4467-8849-4014-A6F2-489252A52F11}.Debug|x64.ActiveCfg = Debug|Any CPU
		{F3BF4467-8849-4014-A6F2-489252A52F11}.Debug|x64.Build.0 = Debug|Any CPU
		{F3BF4467-8849-4014-A6F2-489252A52F11}.Debug|x86.ActiveCfg = Debug|Any CPU
		{F3BF4467-8849-4014-A6F2-489252A52F11}.Debug|x86.Build.0 = Debug|Any CPU
		{F3BF4467-8849-4014-A6F2-489252A52F11}.Release|Any CPU.ActiveCfg = Release|Any CPU
		{F3BF4467-8849-4014-A6F2-489252A52F11}.Release|Any CPU.Build.0 = Release|Any CPU
		{F3BF4467-8849-4014-A6F2-489252A52F11}.Release|x64.ActiveCfg = Release|Any CPU
		{F3BF4467-8849-4014-A6F2-489252A52F11}.Release|x64.Build.0 = Release|Any CPU
		{F3BF4467-8849-4014-A6F2-489252A52F11}.Release|x86.ActiveCfg = Release|Any CPU
		{F3BF4467-8849-4014-A6F2-489252A52F11}.Release|x86.Build.0 = Release|Any CPU
		{BDDF1DF6-0A5F-4005-BC6C-78EDD7EBC09A}.Debug|Any CPU.ActiveCfg = Debug|Any CPU
		{BDDF1DF6-0A5F-4005-BC6C-78EDD7EBC09A}.Debug|Any CPU.Build.0 = Debug|Any CPU
		{BDDF1DF6-0A5F-4005-BC6C-78EDD7EBC09A}.Debug|x64.ActiveCfg = Debug|Any CPU
		{BDDF1DF6-0A5F-4005-BC6C-78EDD7EBC09A}.Debug|x64.Build.0 = Debug|Any CPU
		{BDDF1DF6-0A5F-4005-BC6C-78EDD7EBC09A}.Debug|x86.ActiveCfg = Debug|Any CPU
		{BDDF1DF6-0A5F-4005-BC6C-78EDD7EBC09A}.Debug|x86.Build.0 = Debug|Any CPU
		{BDDF1DF6-0A5F-4005-BC6C-78EDD7EBC09A}.Release|Any CPU.ActiveCfg = Release|Any CPU
		{BDDF1DF6-0A5F-4005-BC6C-78EDD7EBC09A}.Release|Any CPU.Build.0 = Release|Any CPU
		{BDDF1DF6-0A5F-4005-BC6C-78EDD7EBC09A}.Release|x64.ActiveCfg = Release|Any CPU
		{BDDF1DF6-0A5F-4005-BC6C-78EDD7EBC09A}.Release|x64.Build.0 = Release|Any CPU
		{BDDF1DF6-0A5F-4005-BC6C-78EDD7EBC09A}.Release|x86.ActiveCfg = Release|Any CPU
		{BDDF1DF6-0A5F-4005-BC6C-78EDD7EBC09A}.Release|x86.Build.0 = Release|Any CPU
		{490B0FFA-28F8-422A-8E81-20630536B5B9}.Debug|Any CPU.ActiveCfg = Debug|Any CPU
		{490B0FFA-28F8-422A-8E81-20630536B5B9}.Debug|Any CPU.Build.0 = Debug|Any CPU
		{490B0FFA-28F8-422A-8E81-20630536B5B9}.Debug|x64.ActiveCfg = Debug|Any CPU
		{490B0FFA-28F8-422A-8E81-20630536B5B9}.Debug|x64.Build.0 = Debug|Any CPU
		{490B0FFA-28F8-422A-8E81-20630536B5B9}.Debug|x86.ActiveCfg = Debug|Any CPU
		{490B0FFA-28F8-422A-8E81-20630536B5B9}.Debug|x86.Build.0 = Debug|Any CPU
		{490B0FFA-28F8-422A-8E81-20630536B5B9}.Release|Any CPU.ActiveCfg = Release|Any CPU
		{490B0FFA-28F8-422A-8E81-20630536B5B9}.Release|Any CPU.Build.0 = Release|Any CPU
		{490B0FFA-28F8-422A-8E81-20630536B5B9}.Release|x64.ActiveCfg = Release|Any CPU
		{490B0FFA-28F8-422A-8E81-20630536B5B9}.Release|x64.Build.0 = Release|Any CPU
		{490B0FFA-28F8-422A-8E81-20630536B5B9}.Release|x86.ActiveCfg = Release|Any CPU
		{490B0FFA-28F8-422A-8E81-20630536B5B9}.Release|x86.Build.0 = Release|Any CPU
		{5587E968-DAD1-427B-8D9B-ABB46FB4EEA9}.Debug|Any CPU.ActiveCfg = Debug|Any CPU
		{5587E968-DAD1-427B-8D9B-ABB46FB4EEA9}.Debug|Any CPU.Build.0 = Debug|Any CPU
		{5587E968-DAD1-427B-8D9B-ABB46FB4EEA9}.Debug|x64.ActiveCfg = Debug|Any CPU
		{5587E968-DAD1-427B-8D9B-ABB46FB4EEA9}.Debug|x64.Build.0 = Debug|Any CPU
		{5587E968-DAD1-427B-8D9B-ABB46FB4EEA9}.Debug|x86.ActiveCfg = Debug|Any CPU
		{5587E968-DAD1-427B-8D9B-ABB46FB4EEA9}.Debug|x86.Build.0 = Debug|Any CPU
		{5587E968-DAD1-427B-8D9B-ABB46FB4EEA9}.Release|Any CPU.ActiveCfg = Release|Any CPU
		{5587E968-DAD1-427B-8D9B-ABB46FB4EEA9}.Release|Any CPU.Build.0 = Release|Any CPU
		{5587E968-DAD1-427B-8D9B-ABB46FB4EEA9}.Release|x64.ActiveCfg = Release|Any CPU
		{5587E968-DAD1-427B-8D9B-ABB46FB4EEA9}.Release|x64.Build.0 = Release|Any CPU
		{5587E968-DAD1-427B-8D9B-ABB46FB4EEA9}.Release|x86.ActiveCfg = Release|Any CPU
		{5587E968-DAD1-427B-8D9B-ABB46FB4EEA9}.Release|x86.Build.0 = Release|Any CPU
		{19191554-46EB-43F0-A0D0-F06AEB87BD35}.Debug|Any CPU.ActiveCfg = Debug|Any CPU
		{19191554-46EB-43F0-A0D0-F06AEB87BD35}.Debug|Any CPU.Build.0 = Debug|Any CPU
		{19191554-46EB-43F0-A0D0-F06AEB87BD35}.Debug|x64.ActiveCfg = Debug|Any CPU
		{19191554-46EB-43F0-A0D0-F06AEB87BD35}.Debug|x64.Build.0 = Debug|Any CPU
		{19191554-46EB-43F0-A0D0-F06AEB87BD35}.Debug|x86.ActiveCfg = Debug|Any CPU
		{19191554-46EB-43F0-A0D0-F06AEB87BD35}.Debug|x86.Build.0 = Debug|Any CPU
		{19191554-46EB-43F0-A0D0-F06AEB87BD35}.Release|Any CPU.ActiveCfg = Release|Any CPU
		{19191554-46EB-43F0-A0D0-F06AEB87BD35}.Release|Any CPU.Build.0 = Release|Any CPU
		{19191554-46EB-43F0-A0D0-F06AEB87BD35}.Release|x64.ActiveCfg = Release|Any CPU
		{19191554-46EB-43F0-A0D0-F06AEB87BD35}.Release|x64.Build.0 = Release|Any CPU
		{19191554-46EB-43F0-A0D0-F06AEB87BD35}.Release|x86.ActiveCfg = Release|Any CPU
		{19191554-46EB-43F0-A0D0-F06AEB87BD35}.Release|x86.Build.0 = Release|Any CPU
	EndGlobalSection
EndGlobal
